# THIS IS AN AUTOGENERATED FILE. DO NOT EDIT THIS FILE DIRECTLY.
# yarn lockfile v1


axios@^0.21.0:
  version "0.21.0"
  resolved "https://registry.yarnpkg.com/axios/-/axios-0.21.0.tgz#26df088803a2350dff2c27f96fef99fe49442aca"
  integrity sha512-fmkJBknJKoZwem3/IKSSLpkdNXZeBu5Q7GA/aRsr2btgrptmSCxi2oFjZHqGdK9DoTil9PIHlPIZw2EcRJXRvw==
  dependencies:
    follow-redirects "^1.10.0"

follow-redirects@^1.10.0:
  version "1.13.0"
  resolved "https://registry.yarnpkg.com/follow-redirects/-/follow-redirects-1.13.0.tgz#b42e8d93a2a7eea5ed88633676d6597bc8e384db"
  integrity sha512-aq6gF1BEKje4a9i9+5jimNFIpq4Q1WiwBToeRK5NvZBd/TRsmW8BsJfOEGkr76TbOyPVD3OVDN910EcUNtRYEA==

module-connector@^1.0.9:
  version "1.0.9"
  resolved "https://registry.yarnpkg.com/module-connector/-/module-connector-1.0.9.tgz#10327f5bbaaee1a85f72cb0cc81e598c6b7c32a6"
  integrity sha512-hfSTJz31bdYRBcAHhACVYdh/kDcZ8C8bMrnUiTewWp/Cy4YXrBWRRqMxoueXYlI1ih+g5SKynhJ3NP4bn2uPbQ==

nano@^9.0.1:
  version "9.0.1"
  resolved "https://registry.yarnpkg.com/nano/-/nano-9.0.1.tgz#69b93b461b905b8545bda8ec2cc2638c539568d5"
  integrity sha512-RJ+xMWjVKb/Y2A3YDTC5hg+mvktcRl8XDRMLTa+i3wPaqb02BTEWdPHcDDqKqGnqs0cIwFu5vuwzvnrsr/pW+A==
  dependencies:
    axios "^0.21.0"
    qs "^6.9.4"

qs@^6.9.4:
  version "6.9.4"
  resolved "https://registry.yarnpkg.com/qs/-/qs-6.9.4.tgz#9090b290d1f91728d3c22e54843ca44aea5ab687"
  integrity sha512-A1kFqHekCTM7cz0udomYUoYNWjBebHm/5wzU/XqrBRBNWectVH0QIiN+NEcZ0Dte5hvzHwbr8+XQmguPhJ6WdQ==
